
Microsoft Visual Studio Solution File, Format Version 12.00
# Visual Studio Version 16
VisualStudioVersion = 16.0.29814.53
MinimumVisualStudioVersion = 10.0.40219.1
Project("{9A19103F-16F7-4668-BE54-9A1E7A4F7556}") = "azureservicebus.amqp.console", "azureservicebus.amqp.console.csproj", "{DBE64638-FA88-42C7-9788-03F0F77E122A}"
EndProject
Global
	GlobalSection(SolutionConfigurationPlatforms) = preSolution
		Debug|Any CPU = Debug|Any CPU
		Release|Any CPU = Release|Any CPU
	EndGlobalSection
	GlobalSection(ProjectConfigurationPlatforms) = postSolution
		{DBE64638-FA88-42C7-9788-03F0F77E122A}.Debug|Any CPU.ActiveCfg = Debug|Any CPU
		{DBE64638-FA88-42C7-9788-03F0F77E122A}.Debug|Any CPU.Build.0 = Debug|Any CPU
		{DBE64638-FA88-42C7-9788-03F0F77E122A}.Release|Any CPU.ActiveCfg = Release|Any CPU
		{DBE64638-FA88-42C7-9788-03F0F77E122A}.Release|Any CPU.Build.0 = Release|Any CPU
	EndGlobalSection
	GlobalSection(SolutionProperties) = preSolution
		HideSolutionNode = FALSE
	EndGlobalSection
	GlobalSection(ExtensibilityGlobals) = postSolution
		SolutionGuid = {8D168AFC-F169-4E34-B9A8-FFE8C4C7A34D}
	EndGlobalSection
EndGlobal
